# THIS IS AN AUTOGENERATED FILE. DO NOT EDIT THIS FILE DIRECTLY.
# yarn lockfile v1


"@ethersproject/abi@^5.5.0":
  version "5.5.0"
  resolved "https://registry.npmjs.org/@ethersproject/abi/-/abi-5.5.0.tgz"
  dependencies:
    "@ethersproject/address" "^5.5.0"
    "@ethersproject/bignumber" "^5.5.0"
    "@ethersproject/bytes" "^5.5.0"
    "@ethersproject/constants" "^5.5.0"
    "@ethersproject/hash" "^5.5.0"
    "@ethersproject/keccak256" "^5.5.0"
    "@ethersproject/logger" "^5.5.0"
    "@ethersproject/properties" "^5.5.0"
    "@ethersproject/strings" "^5.5.0"

"@ethersproject/abstract-provider@^5.5.0":
  version "5.5.1"
  resolved "https://registry.npmjs.org/@ethersproject/abstract-provider/-/abstract-provider-5.5.1.tgz"
  dependencies:
    "@ethersproject/bignumber" "^5.5.0"
    "@ethersproject/bytes" "^5.5.0"
    "@ethersproject/logger" "^5.5.0"
    "@ethersproject/networks" "^5.5.0"
    "@ethersproject/properties" "^5.5.0"
    "@ethersproject/transactions" "^5.5.0"
    "@ethersproject/web" "^5.5.0"

"@ethersproject/abstract-signer@^5.5.0":
  version "5.5.0"
  resolved "https://registry.npmjs.org/@ethersproject/abstract-signer/-/abstract-signer-5.5.0.tgz"
  dependencies:
    "@ethersproject/abstract-provider" "^5.5.0"
    "@ethersproject/bignumber" "^5.5.0"
    "@ethersproject/bytes" "^5.5.0"
    "@ethersproject/logger" "^5.5.0"
    "@ethersproject/properties" "^5.5.0"

"@ethersproject/address@^5.0.2", "@ethersproject/address@^5.5.0":
  version "5.5.0"
  resolved "https://registry.npmjs.org/@ethersproject/address/-/address-5.5.0.tgz"
  dependencies:
    "@ethersproject/bignumber" "^5.5.0"
    "@ethersproject/bytes" "^5.5.0"
    "@ethersproject/keccak256" "^5.5.0"
    "@ethersproject/logger" "^5.5.0"
    "@ethersproject/rlp" "^5.5.0"

"@ethersproject/base64@^5.5.0":
  version "5.5.0"
  resolved "https://registry.npmjs.org/@ethersproject/base64/-/base64-5.5.0.tgz"
  dependencies:
    "@ethersproject/bytes" "^5.5.0"

"@ethersproject/basex@^5.5.0":
  version "5.5.0"
  resolved "https://registry.npmjs.org/@ethersproject/basex/-/basex-5.5.0.tgz"
  dependencies:
    "@ethersproject/bytes" "^5.5.0"
    "@ethersproject/properties" "^5.5.0"

"@ethersproject/bignumber@^5.5.0":
  version "5.5.0"
  resolved "https://registry.npmjs.org/@ethersproject/bignumber/-/bignumber-5.5.0.tgz"
  dependencies:
    "@ethersproject/bytes" "^5.5.0"
    "@ethersproject/logger" "^5.5.0"
    bn.js "^4.11.9"

"@ethersproject/bytes@^5.5.0":
  version "5.5.0"
  resolved "https://registry.npmjs.org/@ethersproject/bytes/-/bytes-5.5.0.tgz"
  dependencies:
    "@ethersproject/logger" "^5.5.0"

"@ethersproject/constants@^5.5.0":
  version "5.5.0"
  resolved "https://registry.npmjs.org/@ethersproject/constants/-/constants-5.5.0.tgz"
  dependencies:
    "@ethersproject/bignumber" "^5.5.0"

"@ethersproject/contracts@^5.5.0":
  version "5.5.0"
  resolved "https://registry.npmjs.org/@ethersproject/contracts/-/contracts-5.5.0.tgz"
  dependencies:
    "@ethersproject/abi" "^5.5.0"
    "@ethersproject/abstract-provider" "^5.5.0"
    "@ethersproject/abstract-signer" "^5.5.0"
    "@ethersproject/address" "^5.5.0"
    "@ethersproject/bignumber" "^5.5.0"
    "@ethersproject/bytes" "^5.5.0"
    "@ethersproject/constants" "^5.5.0"
    "@ethersproject/logger" "^5.5.0"
    "@ethersproject/properties" "^5.5.0"
    "@ethersproject/transactions" "^5.5.0"

"@ethersproject/hash@^5.5.0":
  version "5.5.0"
  resolved "https://registry.npmjs.org/@ethersproject/hash/-/hash-5.5.0.tgz"
  dependencies:
    "@ethersproject/abstract-signer" "^5.5.0"
    "@ethersproject/address" "^5.5.0"
    "@ethersproject/bignumber" "^5.5.0"
    "@ethersproject/bytes" "^5.5.0"
    "@ethersproject/keccak256" "^5.5.0"
    "@ethersproject/logger" "^5.5.0"
    "@ethersproject/properties" "^5.5.0"
    "@ethersproject/strings" "^5.5.0"

"@ethersproject/hdnode@^5.5.0":
  version "5.5.0"
  resolved "https://registry.npmjs.org/@ethersproject/hdnode/-/hdnode-5.5.0.tgz"
  dependencies:
    "@ethersproject/abstract-signer" "^5.5.0"
    "@ethersproject/basex" "^5.5.0"
    "@ethersproject/bignumber" "^5.5.0"
    "@ethersproject/bytes" "^5.5.0"
    "@ethersproject/logger" "^5.5.0"
    "@ethersproject/pbkdf2" "^5.5.0"
    "@ethersproject/properties" "^5.5.0"
    "@ethersproject/sha2" "^5.5.0"
    "@ethersproject/signing-key" "^5.5.0"
    "@ethersproject/strings" "^5.5.0"
    "@ethersproject/transactions" "^5.5.0"
    "@ethersproject/wordlists" "^5.5.0"

"@ethersproject/json-wallets@^5.5.0":
  version "5.5.0"
  resolved "https://registry.npmjs.org/@ethersproject/json-wallets/-/json-wallets-5.5.0.tgz"
  dependencies:
    "@ethersproject/abstract-signer" "^5.5.0"
    "@ethersproject/address" "^5.5.0"
    "@ethersproject/bytes" "^5.5.0"
    "@ethersproject/hdnode" "^5.5.0"
    "@ethersproject/keccak256" "^5.5.0"
    "@ethersproject/logger" "^5.5.0"
    "@ethersproject/pbkdf2" "^5.5.0"
    "@ethersproject/properties" "^5.5.0"
    "@ethersproject/random" "^5.5.0"
    "@ethersproject/strings" "^5.5.0"
    "@ethersproject/transactions" "^5.5.0"
    aes-js "3.0.0"
    scrypt-js "3.0.1"

"@ethersproject/keccak256@^5.5.0":
  version "5.5.0"
  resolved "https://registry.npmjs.org/@ethersproject/keccak256/-/keccak256-5.5.0.tgz"
  dependencies:
    "@ethersproject/bytes" "^5.5.0"
    js-sha3 "0.8.0"

"@ethersproject/logger@^5.5.0":
  version "5.5.0"
  resolved "https://registry.npmjs.org/@ethersproject/logger/-/logger-5.5.0.tgz"

"@ethersproject/networks@^5.5.0":
  version "5.5.1"
  resolved "https://registry.npmjs.org/@ethersproject/networks/-/networks-5.5.1.tgz"
  dependencies:
    "@ethersproject/logger" "^5.5.0"

"@ethersproject/pbkdf2@^5.5.0":
  version "5.5.0"
  resolved "https://registry.npmjs.org/@ethersproject/pbkdf2/-/pbkdf2-5.5.0.tgz"
  dependencies:
    "@ethersproject/bytes" "^5.5.0"
    "@ethersproject/sha2" "^5.5.0"

"@ethersproject/properties@^5.5.0":
  version "5.5.0"
  resolved "https://registry.npmjs.org/@ethersproject/properties/-/properties-5.5.0.tgz"
  dependencies:
    "@ethersproject/logger" "^5.5.0"

"@ethersproject/providers@^5.5.1":
  version "5.5.1"
  resolved "https://registry.npmjs.org/@ethersproject/providers/-/providers-5.5.1.tgz"
  dependencies:
    "@ethersproject/abstract-provider" "^5.5.0"
    "@ethersproject/abstract-signer" "^5.5.0"
    "@ethersproject/address" "^5.5.0"
    "@ethersproject/basex" "^5.5.0"
    "@ethersproject/bignumber" "^5.5.0"
    "@ethersproject/bytes" "^5.5.0"
    "@ethersproject/constants" "^5.5.0"
    "@ethersproject/hash" "^5.5.0"
    "@ethersproject/logger" "^5.5.0"
    "@ethersproject/networks" "^5.5.0"
    "@ethersproject/properties" "^5.5.0"
    "@ethersproject/random" "^5.5.0"
    "@ethersproject/rlp" "^5.5.0"
    "@ethersproject/sha2" "^5.5.0"
    "@ethersproject/strings" "^5.5.0"
    "@ethersproject/transactions" "^5.5.0"
    "@ethersproject/web" "^5.5.0"
    bech32 "1.1.4"
    ws "7.4.6"

"@ethersproject/random@^5.5.0":
  version "5.5.0"
  resolved "https://registry.npmjs.org/@ethersproject/random/-/random-5.5.0.tgz"
  dependencies:
    "@ethersproject/bytes" "^5.5.0"
    "@ethersproject/logger" "^5.5.0"

"@ethersproject/rlp@^5.5.0":
  version "5.5.0"
  resolved "https://registry.npmjs.org/@ethersproject/rlp/-/rlp-5.5.0.tgz"
  dependencies:
    "@ethersproject/bytes" "^5.5.0"
    "@ethersproject/logger" "^5.5.0"

"@ethersproject/sha2@^5.5.0":
  version "5.5.0"
  resolved "https://registry.npmjs.org/@ethersproject/sha2/-/sha2-5.5.0.tgz"
  dependencies:
    "@ethersproject/bytes" "^5.5.0"
    "@ethersproject/logger" "^5.5.0"
    hash.js "1.1.7"

"@ethersproject/signing-key@^5.5.0":
  version "5.5.0"
  resolved "https://registry.npmjs.org/@ethersproject/signing-key/-/signing-key-5.5.0.tgz"
  dependencies:
    "@ethersproject/bytes" "^5.5.0"
    "@ethersproject/logger" "^5.5.0"
    "@ethersproject/properties" "^5.5.0"
    bn.js "^4.11.9"
    elliptic "6.5.4"
    hash.js "1.1.7"

"@ethersproject/strings@^5.5.0":
  version "5.5.0"
  resolved "https://registry.npmjs.org/@ethersproject/strings/-/strings-5.5.0.tgz"
  dependencies:
    "@ethersproject/bytes" "^5.5.0"
    "@ethersproject/constants" "^5.5.0"
    "@ethersproject/logger" "^5.5.0"

"@ethersproject/transactions@^5.5.0":
  version "5.5.0"
  resolved "https://registry.npmjs.org/@ethersproject/transactions/-/transactions-5.5.0.tgz"
  dependencies:
    "@ethersproject/address" "^5.5.0"
    "@ethersproject/bignumber" "^5.5.0"
    "@ethersproject/bytes" "^5.5.0"
    "@ethersproject/constants" "^5.5.0"
    "@ethersproject/keccak256" "^5.5.0"
    "@ethersproject/logger" "^5.5.0"
    "@ethersproject/properties" "^5.5.0"
    "@ethersproject/rlp" "^5.5.0"
    "@ethersproject/signing-key" "^5.5.0"

"@ethersproject/wallet@^5.5.0":
  version "5.5.0"
  resolved "https://registry.npmjs.org/@ethersproject/wallet/-/wallet-5.5.0.tgz"
  dependencies:
    "@ethersproject/abstract-provider" "^5.5.0"
    "@ethersproject/abstract-signer" "^5.5.0"
    "@ethersproject/address" "^5.5.0"
    "@ethersproject/bignumber" "^5.5.0"
    "@ethersproject/bytes" "^5.5.0"
    "@ethersproject/hash" "^5.5.0"
    "@ethersproject/hdnode" "^5.5.0"
    "@ethersproject/json-wallets" "^5.5.0"
    "@ethersproject/keccak256" "^5.5.0"
    "@ethersproject/logger" "^5.5.0"
    "@ethersproject/properties" "^5.5.0"
    "@ethersproject/random" "^5.5.0"
    "@ethersproject/signing-key" "^5.5.0"
    "@ethersproject/transactions" "^5.5.0"
    "@ethersproject/wordlists" "^5.5.0"

"@ethersproject/web@^5.5.0":
  version "5.5.1"
  resolved "https://registry.npmjs.org/@ethersproject/web/-/web-5.5.1.tgz"
  dependencies:
    "@ethersproject/base64" "^5.5.0"
    "@ethersproject/bytes" "^5.5.0"
    "@ethersproject/logger" "^5.5.0"
    "@ethersproject/properties" "^5.5.0"
    "@ethersproject/strings" "^5.5.0"

"@ethersproject/wordlists@^5.5.0":
  version "5.5.0"
  resolved "https://registry.npmjs.org/@ethersproject/wordlists/-/wordlists-5.5.0.tgz"
  dependencies:
    "@ethersproject/bytes" "^5.5.0"
    "@ethersproject/hash" "^5.5.0"
    "@ethersproject/logger" "^5.5.0"
    "@ethersproject/properties" "^5.5.0"
    "@ethersproject/strings" "^5.5.0"

"@openzeppelin/contracts@3.4.1-solc-0.7-2":
  version "3.4.1-solc-0.7-2"
  resolved "https://registry.npmjs.org/@openzeppelin/contracts/-/contracts-3.4.1-solc-0.7-2.tgz"

"@openzeppelin/contracts@4.8.3":
  version "4.8.3"
  resolved "https://registry.yarnpkg.com/@openzeppelin/contracts/-/contracts-4.8.3.tgz#cbef3146bfc570849405f59cba18235da95a252a"

"@types/bn.js@^4.11.3":
  version "4.11.6"
  resolved "https://registry.npmjs.org/@types/bn.js/-/bn.js-4.11.6.tgz"
  dependencies:
    "@types/node" "*"

"@types/chai@^4.2.12":
  version "4.2.15"
  resolved "https://registry.npmjs.org/@types/chai/-/chai-4.2.15.tgz"

"@types/mocha@^8.0.3":
  version "8.2.1"
  resolved "https://registry.npmjs.org/@types/mocha/-/mocha-8.2.1.tgz"

"@types/node@*", "@types/node@^14.6.3":
  version "14.14.32"
  resolved "https://registry.npmjs.org/@types/node/-/node-14.14.32.tgz"

"@types/pbkdf2@^3.0.0":
  version "3.1.0"
  resolved "https://registry.npmjs.org/@types/pbkdf2/-/pbkdf2-3.1.0.tgz"
  dependencies:
    "@types/node" "*"

"@types/secp256k1@^4.0.1":
  version "4.0.1"
  resolved "https://registry.npmjs.org/@types/secp256k1/-/secp256k1-4.0.1.tgz"
  dependencies:
    "@types/node" "*"

"@ungap/promise-all-settled@1.1.2":
  version "1.1.2"
  resolved "https://registry.npmjs.org/@ungap/promise-all-settled/-/promise-all-settled-1.1.2.tgz"

"@uniswap/lib@^4.0.1-alpha":
  version "4.0.1-alpha"
  resolved "https://registry.npmjs.org/@uniswap/lib/-/lib-4.0.1-alpha.tgz"

"@uniswap/sdk-core@^1.0.8":
  version "1.0.8"
  resolved "https://registry.npmjs.org/@uniswap/sdk-core/-/sdk-core-1.0.8.tgz"
  dependencies:
    "@ethersproject/address" "^5.0.2"
    big.js "^5.2.2"
    decimal.js-light "^2.5.0"
    jsbi "^3.1.4"
    tiny-invariant "^1.1.0"
    tiny-warning "^1.0.3"
    toformat "^2.0.0"

"@uniswap/swap-router-contracts@1.1.0":
  version "1.1.0"
  resolved "https://registry.npmjs.org/@uniswap/swap-router-contracts/-/swap-router-contracts-1.1.0.tgz"
  dependencies:
    "@openzeppelin/contracts" "3.4.1-solc-0.7-2"
    "@uniswap/v2-core" "1.0.1"
    "@uniswap/v3-core" "1.0.0"
    "@uniswap/v3-periphery" "1.3.0"
    hardhat-watcher "^2.1.1"

"@uniswap/v2-core@1.0.1":
  version "1.0.1"
  resolved "https://registry.npmjs.org/@uniswap/v2-core/-/v2-core-1.0.1.tgz"

"@uniswap/v3-core@1.0.0":
  version "1.0.0"
  resolved "https://registry.npmjs.org/@uniswap/v3-core/-/v3-core-1.0.0.tgz"

"@uniswap/v3-periphery@1.1.1", "@uniswap/v3-periphery@^1.0.1":
  version "1.1.1"
  resolved "https://registry.npmjs.org/@uniswap/v3-periphery/-/v3-periphery-1.1.1.tgz"
  dependencies:
    "@openzeppelin/contracts" "3.4.1-solc-0.7-2"
    "@uniswap/lib" "^4.0.1-alpha"
    "@uniswap/v2-core" "1.0.1"
    "@uniswap/v3-core" "1.0.0"
    base64-sol "1.0.1"
    hardhat-watcher "^2.1.1"

"@uniswap/v3-periphery@1.3.0", "v3-periphery-1_3_0@npm:@uniswap/v3-periphery@1.3.0":
  version "1.3.0"
  resolved "https://registry.npmjs.org/@uniswap/v3-periphery/-/v3-periphery-1.3.0.tgz"
  dependencies:
    "@openzeppelin/contracts" "3.4.1-solc-0.7-2"
    "@uniswap/lib" "^4.0.1-alpha"
    "@uniswap/v2-core" "1.0.1"
    "@uniswap/v3-core" "1.0.0"
    base64-sol "1.0.1"
    hardhat-watcher "^2.1.1"

"@uniswap/v3-staker@1.0.2":
  version "1.0.2"
  resolved "https://registry.npmjs.org/@uniswap/v3-staker/-/v3-staker-1.0.2.tgz"
  dependencies:
    "@openzeppelin/contracts" "3.4.1-solc-0.7-2"
    "@uniswap/v3-core" "1.0.0"
    "@uniswap/v3-periphery" "^1.0.1"

"@vercel/ncc@^0.33.1":
  version "0.33.1"
  resolved "https://registry.npmjs.org/@vercel/ncc/-/ncc-0.33.1.tgz"

aes-js@3.0.0:
  version "3.0.0"
  resolved "https://registry.npmjs.org/aes-js/-/aes-js-3.0.0.tgz"

ansi-colors@4.1.1:
  version "4.1.1"
  resolved "https://registry.npmjs.org/ansi-colors/-/ansi-colors-4.1.1.tgz"

ansi-regex@^3.0.0:
  version "3.0.0"
  resolved "https://registry.npmjs.org/ansi-regex/-/ansi-regex-3.0.0.tgz"

ansi-regex@^4.1.0:
  version "4.1.0"
  resolved "https://registry.npmjs.org/ansi-regex/-/ansi-regex-4.1.0.tgz"

ansi-regex@^5.0.0:
  version "5.0.0"
  resolved "https://registry.npmjs.org/ansi-regex/-/ansi-regex-5.0.0.tgz"

ansi-regex@^5.0.1:
  version "5.0.1"
  resolved "https://registry.npmjs.org/ansi-regex/-/ansi-regex-5.0.1.tgz"

ansi-styles@^3.2.0:
  version "3.2.1"
  resolved "https://registry.npmjs.org/ansi-styles/-/ansi-styles-3.2.1.tgz"
  dependencies:
    color-convert "^1.9.0"

ansi-styles@^4.0.0, ansi-styles@^4.1.0:
  version "4.3.0"
  resolved "https://registry.npmjs.org/ansi-styles/-/ansi-styles-4.3.0.tgz"
  dependencies:
    color-convert "^2.0.1"

anymatch@~3.1.1, anymatch@~3.1.2:
  version "3.1.2"
  resolved "https://registry.npmjs.org/anymatch/-/anymatch-3.1.2.tgz"
  dependencies:
    normalize-path "^3.0.0"
    picomatch "^2.0.4"

arg@^4.1.0:
  version "4.1.3"
  resolved "https://registry.npmjs.org/arg/-/arg-4.1.3.tgz"

argparse@^2.0.1:
  version "2.0.1"
  resolved "https://registry.npmjs.org/argparse/-/argparse-2.0.1.tgz"

assertion-error@^1.1.0:
  version "1.1.0"
  resolved "https://registry.npmjs.org/assertion-error/-/assertion-error-1.1.0.tgz"

balanced-match@^1.0.0:
  version "1.0.0"
  resolved "https://registry.npmjs.org/balanced-match/-/balanced-match-1.0.0.tgz"

base-x@^3.0.2:
  version "3.0.8"
  resolved "https://registry.npmjs.org/base-x/-/base-x-3.0.8.tgz"
  dependencies:
    safe-buffer "^5.0.1"

base64-sol@1.0.1:
  version "1.0.1"
  resolved "https://registry.npmjs.org/base64-sol/-/base64-sol-1.0.1.tgz"

bech32@1.1.4:
  version "1.1.4"
  resolved "https://registry.npmjs.org/bech32/-/bech32-1.1.4.tgz"

big.js@^5.2.2:
  version "5.2.2"
  resolved "https://registry.npmjs.org/big.js/-/big.js-5.2.2.tgz"

binary-extensions@^2.0.0:
  version "2.2.0"
  resolved "https://registry.npmjs.org/binary-extensions/-/binary-extensions-2.2.0.tgz"

blakejs@^1.1.0:
  version "1.1.0"
  resolved "https://registry.npmjs.org/blakejs/-/blakejs-1.1.0.tgz"

bn.js@^4.11.0, bn.js@^4.11.9:
  version "4.12.0"
  resolved "https://registry.npmjs.org/bn.js/-/bn.js-4.12.0.tgz"

bn.js@^5.2.0:
  version "5.2.0"
  resolved "https://registry.npmjs.org/bn.js/-/bn.js-5.2.0.tgz"

brace-expansion@^1.1.7:
  version "1.1.11"
  resolved "https://registry.npmjs.org/brace-expansion/-/brace-expansion-1.1.11.tgz"
  dependencies:
    balanced-match "^1.0.0"
    concat-map "0.0.1"

braces@~3.0.2:
  version "3.0.2"
  resolved "https://registry.npmjs.org/braces/-/braces-3.0.2.tgz"
  dependencies:
    fill-range "^7.0.1"

brorand@^1.1.0:
  version "1.1.0"
  resolved "https://registry.npmjs.org/brorand/-/brorand-1.1.0.tgz"

browser-stdout@1.3.1:
  version "1.3.1"
  resolved "https://registry.npmjs.org/browser-stdout/-/browser-stdout-1.3.1.tgz"

browserify-aes@^1.2.0:
  version "1.2.0"
  resolved "https://registry.npmjs.org/browserify-aes/-/browserify-aes-1.2.0.tgz"
  dependencies:
    buffer-xor "^1.0.3"
    cipher-base "^1.0.0"
    create-hash "^1.1.0"
    evp_bytestokey "^1.0.3"
    inherits "^2.0.1"
    safe-buffer "^5.0.1"

bs58@^4.0.0:
  version "4.0.1"
  resolved "https://registry.npmjs.org/bs58/-/bs58-4.0.1.tgz"
  dependencies:
    base-x "^3.0.2"

bs58check@^2.1.2:
  version "2.1.2"
  resolved "https://registry.npmjs.org/bs58check/-/bs58check-2.1.2.tgz"
  dependencies:
    bs58 "^4.0.0"
    create-hash "^1.1.0"
    safe-buffer "^5.1.2"

buffer-from@^1.0.0:
  version "1.1.1"
  resolved "https://registry.npmjs.org/buffer-from/-/buffer-from-1.1.1.tgz"

buffer-xor@^1.0.3:
  version "1.0.3"
  resolved "https://registry.npmjs.org/buffer-xor/-/buffer-xor-1.0.3.tgz"

camelcase@^5.0.0:
  version "5.3.1"
  resolved "https://registry.npmjs.org/camelcase/-/camelcase-5.3.1.tgz"

camelcase@^6.0.0:
  version "6.2.0"
  resolved "https://registry.npmjs.org/camelcase/-/camelcase-6.2.0.tgz"

chai@^4.2.0:
  version "4.3.3"
  resolved "https://registry.npmjs.org/chai/-/chai-4.3.3.tgz"
  dependencies:
    assertion-error "^1.1.0"
    check-error "^1.0.2"
    deep-eql "^3.0.1"
    get-func-name "^2.0.0"
    pathval "^1.1.1"
    type-detect "^4.0.5"

chalk@^4.0.0:
  version "4.1.0"
  resolved "https://registry.npmjs.org/chalk/-/chalk-4.1.0.tgz"
  dependencies:
    ansi-styles "^4.1.0"
    supports-color "^7.1.0"

check-error@^1.0.2:
  version "1.0.2"
  resolved "https://registry.npmjs.org/check-error/-/check-error-1.0.2.tgz"

chokidar@3.5.1:
  version "3.5.1"
  resolved "https://registry.npmjs.org/chokidar/-/chokidar-3.5.1.tgz"
  dependencies:
    anymatch "~3.1.1"
    braces "~3.0.2"
    glob-parent "~5.1.0"
    is-binary-path "~2.1.0"
    is-glob "~4.0.1"
    normalize-path "~3.0.0"
    readdirp "~3.5.0"
  optionalDependencies:
    fsevents "~2.3.1"

chokidar@^3.4.3:
  version "3.5.3"
  resolved "https://registry.npmjs.org/chokidar/-/chokidar-3.5.3.tgz"
  dependencies:
    anymatch "~3.1.2"
    braces "~3.0.2"
    glob-parent "~5.1.2"
    is-binary-path "~2.1.0"
    is-glob "~4.0.1"
    normalize-path "~3.0.0"
    readdirp "~3.6.0"
  optionalDependencies:
    fsevents "~2.3.2"

cipher-base@^1.0.0, cipher-base@^1.0.1, cipher-base@^1.0.3:
  version "1.0.4"
  resolved "https://registry.npmjs.org/cipher-base/-/cipher-base-1.0.4.tgz"
  dependencies:
    inherits "^2.0.1"
    safe-buffer "^5.0.1"

cli-table3@^0.6.0:
  version "0.6.1"
  resolved "https://registry.npmjs.org/cli-table3/-/cli-table3-0.6.1.tgz"
  dependencies:
    string-width "^4.2.0"
  optionalDependencies:
    colors "1.4.0"

cliui@^5.0.0:
  version "5.0.0"
  resolved "https://registry.npmjs.org/cliui/-/cliui-5.0.0.tgz"
  dependencies:
    string-width "^3.1.0"
    strip-ansi "^5.2.0"
    wrap-ansi "^5.1.0"

cliui@^7.0.2:
  version "7.0.4"
  resolved "https://registry.npmjs.org/cliui/-/cliui-7.0.4.tgz"
  dependencies:
    string-width "^4.2.0"
    strip-ansi "^6.0.0"
    wrap-ansi "^7.0.0"

color-convert@^1.9.0:
  version "1.9.3"
  resolved "https://registry.npmjs.org/color-convert/-/color-convert-1.9.3.tgz"
  dependencies:
    color-name "1.1.3"

color-convert@^2.0.1:
  version "2.0.1"
  resolved "https://registry.npmjs.org/color-convert/-/color-convert-2.0.1.tgz"
  dependencies:
    color-name "~1.1.4"

color-name@1.1.3:
  version "1.1.3"
  resolved "https://registry.npmjs.org/color-name/-/color-name-1.1.3.tgz"

color-name@~1.1.4:
  version "1.1.4"
  resolved "https://registry.npmjs.org/color-name/-/color-name-1.1.4.tgz"

colors@1.4.0:
  version "1.4.0"
  resolved "https://registry.npmjs.org/colors/-/colors-1.4.0.tgz"

commander@^6.1.0:
  version "6.2.1"
  resolved "https://registry.npmjs.org/commander/-/commander-6.2.1.tgz"

concat-map@0.0.1:
  version "0.0.1"
  resolved "https://registry.npmjs.org/concat-map/-/concat-map-0.0.1.tgz"

create-hash@^1.1.0, create-hash@^1.1.2, create-hash@^1.2.0:
  version "1.2.0"
  resolved "https://registry.npmjs.org/create-hash/-/create-hash-1.2.0.tgz"
  dependencies:
    cipher-base "^1.0.1"
    inherits "^2.0.1"
    md5.js "^1.3.4"
    ripemd160 "^2.0.1"
    sha.js "^2.4.0"

create-hmac@^1.1.4, create-hmac@^1.1.7:
  version "1.1.7"
  resolved "https://registry.npmjs.org/create-hmac/-/create-hmac-1.1.7.tgz"
  dependencies:
    cipher-base "^1.0.3"
    create-hash "^1.1.0"
    inherits "^2.0.1"
    ripemd160 "^2.0.0"
    safe-buffer "^5.0.1"
    sha.js "^2.4.8"

create-require@^1.1.0:
  version "1.1.1"
  resolved "https://registry.npmjs.org/create-require/-/create-require-1.1.1.tgz"

cross-spawn@^6.0.0:
  version "6.0.5"
  resolved "https://registry.npmjs.org/cross-spawn/-/cross-spawn-6.0.5.tgz"
  dependencies:
    nice-try "^1.0.4"
    path-key "^2.0.1"
    semver "^5.5.0"
    shebang-command "^1.2.0"
    which "^1.2.9"

debug@4.3.1:
  version "4.3.1"
  resolved "https://registry.npmjs.org/debug/-/debug-4.3.1.tgz"
  dependencies:
    ms "2.1.2"

decamelize@^1.2.0:
  version "1.2.0"
  resolved "https://registry.npmjs.org/decamelize/-/decamelize-1.2.0.tgz"

decamelize@^4.0.0:
  version "4.0.0"
  resolved "https://registry.npmjs.org/decamelize/-/decamelize-4.0.0.tgz"

decimal.js-light@^2.5.0:
  version "2.5.1"
  resolved "https://registry.npmjs.org/decimal.js-light/-/decimal.js-light-2.5.1.tgz"

deep-eql@^3.0.1:
  version "3.0.1"
  resolved "https://registry.npmjs.org/deep-eql/-/deep-eql-3.0.1.tgz"
  dependencies:
    type-detect "^4.0.0"

diff@5.0.0:
  version "5.0.0"
  resolved "https://registry.npmjs.org/diff/-/diff-5.0.0.tgz"

diff@^4.0.1:
  version "4.0.2"
  resolved "https://registry.npmjs.org/diff/-/diff-4.0.2.tgz"

elliptic@6.5.4, elliptic@^6.5.2:
  version "6.5.4"
  resolved "https://registry.npmjs.org/elliptic/-/elliptic-6.5.4.tgz"
  dependencies:
    bn.js "^4.11.9"
    brorand "^1.1.0"
    hash.js "^1.0.0"
    hmac-drbg "^1.0.1"
    inherits "^2.0.4"
    minimalistic-assert "^1.0.1"
    minimalistic-crypto-utils "^1.0.1"

emoji-regex@^7.0.1:
  version "7.0.3"
  resolved "https://registry.npmjs.org/emoji-regex/-/emoji-regex-7.0.3.tgz"

emoji-regex@^8.0.0:
  version "8.0.0"
  resolved "https://registry.npmjs.org/emoji-regex/-/emoji-regex-8.0.0.tgz"

end-of-stream@^1.1.0:
  version "1.4.4"
  resolved "https://registry.npmjs.org/end-of-stream/-/end-of-stream-1.4.4.tgz"
  dependencies:
    once "^1.4.0"

escalade@^3.1.1:
  version "3.1.1"
  resolved "https://registry.npmjs.org/escalade/-/escalade-3.1.1.tgz"

escape-string-regexp@4.0.0:
  version "4.0.0"
  resolved "https://registry.npmjs.org/escape-string-regexp/-/escape-string-regexp-4.0.0.tgz"

ethereum-cryptography@^0.1.3:
  version "0.1.3"
  resolved "https://registry.npmjs.org/ethereum-cryptography/-/ethereum-cryptography-0.1.3.tgz"
  dependencies:
    "@types/pbkdf2" "^3.0.0"
    "@types/secp256k1" "^4.0.1"
    blakejs "^1.1.0"
    browserify-aes "^1.2.0"
    bs58check "^2.1.2"
    create-hash "^1.2.0"
    create-hmac "^1.1.7"
    hash.js "^1.1.7"
    keccak "^3.0.0"
    pbkdf2 "^3.0.17"
    randombytes "^2.1.0"
    safe-buffer "^5.1.2"
    scrypt-js "^3.0.0"
    secp256k1 "^4.0.1"
    setimmediate "^1.0.5"

ethereumjs-util@6.2.1:
  version "6.2.1"
  resolved "https://registry.npmjs.org/ethereumjs-util/-/ethereumjs-util-6.2.1.tgz"
  dependencies:
    "@types/bn.js" "^4.11.3"
    bn.js "^4.11.0"
    create-hash "^1.1.2"
    elliptic "^6.5.2"
    ethereum-cryptography "^0.1.3"
    ethjs-util "0.1.6"
    rlp "^2.2.3"

ethjs-util@0.1.6:
  version "0.1.6"
  resolved "https://registry.npmjs.org/ethjs-util/-/ethjs-util-0.1.6.tgz"
  dependencies:
    is-hex-prefixed "1.0.0"
    strip-hex-prefix "1.0.0"

evp_bytestokey@^1.0.3:
  version "1.0.3"
  resolved "https://registry.npmjs.org/evp_bytestokey/-/evp_bytestokey-1.0.3.tgz"
  dependencies:
    md5.js "^1.3.4"
    safe-buffer "^5.1.1"

execa@^1.0.0:
  version "1.0.0"
  resolved "https://registry.npmjs.org/execa/-/execa-1.0.0.tgz"
  dependencies:
    cross-spawn "^6.0.0"
    get-stream "^4.0.0"
    is-stream "^1.1.0"
    npm-run-path "^2.0.0"
    p-finally "^1.0.0"
    signal-exit "^3.0.0"
    strip-eof "^1.0.0"

fill-range@^7.0.1:
  version "7.0.1"
  resolved "https://registry.npmjs.org/fill-range/-/fill-range-7.0.1.tgz"
  dependencies:
    to-regex-range "^5.0.1"

find-up@5.0.0:
  version "5.0.0"
  resolved "https://registry.npmjs.org/find-up/-/find-up-5.0.0.tgz"
  dependencies:
    locate-path "^6.0.0"
    path-exists "^4.0.0"

find-up@^3.0.0:
  version "3.0.0"
  resolved "https://registry.npmjs.org/find-up/-/find-up-3.0.0.tgz"
  dependencies:
    locate-path "^3.0.0"

flat@^5.0.2:
  version "5.0.2"
  resolved "https://registry.npmjs.org/flat/-/flat-5.0.2.tgz"

fs.realpath@^1.0.0:
  version "1.0.0"
  resolved "https://registry.npmjs.org/fs.realpath/-/fs.realpath-1.0.0.tgz"

fsevents@~2.3.1, fsevents@~2.3.2:
  version "2.3.2"
  resolved "https://registry.yarnpkg.com/fsevents/-/fsevents-2.3.2.tgz#8a526f78b8fdf4623b709e0b975c52c24c02fd1a"

ganache-cli@^6.10.1:
  version "6.12.2"
  resolved "https://registry.npmjs.org/ganache-cli/-/ganache-cli-6.12.2.tgz"
  dependencies:
    ethereumjs-util "6.2.1"
    source-map-support "0.5.12"
    yargs "13.2.4"

get-caller-file@^2.0.1, get-caller-file@^2.0.5:
  version "2.0.5"
  resolved "https://registry.npmjs.org/get-caller-file/-/get-caller-file-2.0.5.tgz"

get-func-name@^2.0.0:
  version "2.0.0"
  resolved "https://registry.npmjs.org/get-func-name/-/get-func-name-2.0.0.tgz"

get-stream@^4.0.0:
  version "4.1.0"
  resolved "https://registry.npmjs.org/get-stream/-/get-stream-4.1.0.tgz"
  dependencies:
    pump "^3.0.0"

glob-parent@~5.1.0, glob-parent@~5.1.2:
  version "5.1.2"
  resolved "https://registry.npmjs.org/glob-parent/-/glob-parent-5.1.2.tgz"
  dependencies:
    is-glob "^4.0.1"

glob@7.1.6:
  version "7.1.6"
  resolved "https://registry.npmjs.org/glob/-/glob-7.1.6.tgz"
  dependencies:
    fs.realpath "^1.0.0"
    inflight "^1.0.4"
    inherits "2"
    minimatch "^3.0.4"
    once "^1.3.0"
    path-is-absolute "^1.0.0"

growl@1.10.5:
  version "1.10.5"
  resolved "https://registry.npmjs.org/growl/-/growl-1.10.5.tgz"

hardhat-watcher@^2.1.1:
  version "2.1.1"
  resolved "https://registry.npmjs.org/hardhat-watcher/-/hardhat-watcher-2.1.1.tgz"
  dependencies:
    chokidar "^3.4.3"

has-flag@^4.0.0:
  version "4.0.0"
  resolved "https://registry.npmjs.org/has-flag/-/has-flag-4.0.0.tgz"

hash-base@^3.0.0:
  version "3.1.0"
  resolved "https://registry.npmjs.org/hash-base/-/hash-base-3.1.0.tgz"
  dependencies:
    inherits "^2.0.4"
    readable-stream "^3.6.0"
    safe-buffer "^5.2.0"

hash.js@1.1.7, hash.js@^1.0.0, hash.js@^1.0.3, hash.js@^1.1.7:
  version "1.1.7"
  resolved "https://registry.npmjs.org/hash.js/-/hash.js-1.1.7.tgz"
  dependencies:
    inherits "^2.0.3"
    minimalistic-assert "^1.0.1"

he@1.2.0:
  version "1.2.0"
  resolved "https://registry.npmjs.org/he/-/he-1.2.0.tgz"

hmac-drbg@^1.0.1:
  version "1.0.1"
  resolved "https://registry.npmjs.org/hmac-drbg/-/hmac-drbg-1.0.1.tgz"
  dependencies:
    hash.js "^1.0.3"
    minimalistic-assert "^1.0.0"
    minimalistic-crypto-utils "^1.0.1"

immer@^7.0.8:
  version "7.0.15"
  resolved "https://registry.npmjs.org/immer/-/immer-7.0.15.tgz"

inflight@^1.0.4:
  version "1.0.6"
  resolved "https://registry.npmjs.org/inflight/-/inflight-1.0.6.tgz"
  dependencies:
    once "^1.3.0"
    wrappy "1"

inherits@2, inherits@^2.0.1, inherits@^2.0.3, inherits@^2.0.4:
  version "2.0.4"
  resolved "https://registry.npmjs.org/inherits/-/inherits-2.0.4.tgz"

invert-kv@^2.0.0:
  version "2.0.0"
  resolved "https://registry.npmjs.org/invert-kv/-/invert-kv-2.0.0.tgz"

is-binary-path@~2.1.0:
  version "2.1.0"
  resolved "https://registry.npmjs.org/is-binary-path/-/is-binary-path-2.1.0.tgz"
  dependencies:
    binary-extensions "^2.0.0"

is-extglob@^2.1.1:
  version "2.1.1"
  resolved "https://registry.npmjs.org/is-extglob/-/is-extglob-2.1.1.tgz"

is-fullwidth-code-point@^2.0.0:
  version "2.0.0"
  resolved "https://registry.npmjs.org/is-fullwidth-code-point/-/is-fullwidth-code-point-2.0.0.tgz"

is-fullwidth-code-point@^3.0.0:
  version "3.0.0"
  resolved "https://registry.npmjs.org/is-fullwidth-code-point/-/is-fullwidth-code-point-3.0.0.tgz"

is-glob@^4.0.1, is-glob@~4.0.1:
  version "4.0.1"
  resolved "https://registry.npmjs.org/is-glob/-/is-glob-4.0.1.tgz"
  dependencies:
    is-extglob "^2.1.1"

is-hex-prefixed@1.0.0:
  version "1.0.0"
  resolved "https://registry.npmjs.org/is-hex-prefixed/-/is-hex-prefixed-1.0.0.tgz"

is-number@^7.0.0:
  version "7.0.0"
  resolved "https://registry.npmjs.org/is-number/-/is-number-7.0.0.tgz"

is-plain-obj@^2.1.0:
  version "2.1.0"
  resolved "https://registry.npmjs.org/is-plain-obj/-/is-plain-obj-2.1.0.tgz"

is-stream@^1.1.0:
  version "1.1.0"
  resolved "https://registry.npmjs.org/is-stream/-/is-stream-1.1.0.tgz"

isexe@^2.0.0:
  version "2.0.0"
  resolved "https://registry.npmjs.org/isexe/-/isexe-2.0.0.tgz"

js-sha3@0.8.0:
  version "0.8.0"
  resolved "https://registry.npmjs.org/js-sha3/-/js-sha3-0.8.0.tgz"

js-yaml@4.0.0:
  version "4.0.0"
  resolved "https://registry.npmjs.org/js-yaml/-/js-yaml-4.0.0.tgz"
  dependencies:
    argparse "^2.0.1"

jsbi@^3.1.4:
  version "3.1.4"
  resolved "https://registry.npmjs.org/jsbi/-/jsbi-3.1.4.tgz"

keccak@^3.0.0:
  version "3.0.1"
  resolved "https://registry.npmjs.org/keccak/-/keccak-3.0.1.tgz"
  dependencies:
    node-addon-api "^2.0.0"
    node-gyp-build "^4.2.0"

lcid@^2.0.0:
  version "2.0.0"
  resolved "https://registry.npmjs.org/lcid/-/lcid-2.0.0.tgz"
  dependencies:
    invert-kv "^2.0.0"

locate-path@^3.0.0:
  version "3.0.0"
  resolved "https://registry.npmjs.org/locate-path/-/locate-path-3.0.0.tgz"
  dependencies:
    p-locate "^3.0.0"
    path-exists "^3.0.0"

locate-path@^6.0.0:
  version "6.0.0"
  resolved "https://registry.npmjs.org/locate-path/-/locate-path-6.0.0.tgz"
  dependencies:
    p-locate "^5.0.0"

log-symbols@4.0.0:
  version "4.0.0"
  resolved "https://registry.npmjs.org/log-symbols/-/log-symbols-4.0.0.tgz"
  dependencies:
    chalk "^4.0.0"

make-error@^1.1.1:
  version "1.3.6"
  resolved "https://registry.npmjs.org/make-error/-/make-error-1.3.6.tgz"

map-age-cleaner@^0.1.1:
  version "0.1.3"
  resolved "https://registry.npmjs.org/map-age-cleaner/-/map-age-cleaner-0.1.3.tgz"
  dependencies:
    p-defer "^1.0.0"

md5.js@^1.3.4:
  version "1.3.5"
  resolved "https://registry.npmjs.org/md5.js/-/md5.js-1.3.5.tgz"
  dependencies:
    hash-base "^3.0.0"
    inherits "^2.0.1"
    safe-buffer "^5.1.2"

mem@^4.0.0:
  version "4.3.0"
  resolved "https://registry.npmjs.org/mem/-/mem-4.3.0.tgz"
  dependencies:
    map-age-cleaner "^0.1.1"
    mimic-fn "^2.0.0"
    p-is-promise "^2.0.0"

mimic-fn@^2.0.0:
  version "2.1.0"
  resolved "https://registry.npmjs.org/mimic-fn/-/mimic-fn-2.1.0.tgz"

minimalistic-assert@^1.0.0, minimalistic-assert@^1.0.1:
  version "1.0.1"
  resolved "https://registry.npmjs.org/minimalistic-assert/-/minimalistic-assert-1.0.1.tgz"

minimalistic-crypto-utils@^1.0.1:
  version "1.0.1"
  resolved "https://registry.npmjs.org/minimalistic-crypto-utils/-/minimalistic-crypto-utils-1.0.1.tgz"

minimatch@3.0.4, minimatch@^3.0.4:
  version "3.0.4"
  resolved "https://registry.npmjs.org/minimatch/-/minimatch-3.0.4.tgz"
  dependencies:
    brace-expansion "^1.1.7"

mocha@^8.1.3:
  version "8.3.1"
  resolved "https://registry.npmjs.org/mocha/-/mocha-8.3.1.tgz"
  dependencies:
    "@ungap/promise-all-settled" "1.1.2"
    ansi-colors "4.1.1"
    browser-stdout "1.3.1"
    chokidar "3.5.1"
    debug "4.3.1"
    diff "5.0.0"
    escape-string-regexp "4.0.0"
    find-up "5.0.0"
    glob "7.1.6"
    growl "1.10.5"
    he "1.2.0"
    js-yaml "4.0.0"
    log-symbols "4.0.0"
    minimatch "3.0.4"
    ms "2.1.3"
    nanoid "3.1.20"
    serialize-javascript "5.0.1"
    strip-json-comments "3.1.1"
    supports-color "8.1.1"
    which "2.0.2"
    wide-align "1.1.3"
    workerpool "6.1.0"
    yargs "16.2.0"
    yargs-parser "20.2.4"
    yargs-unparser "2.0.0"

ms@2.1.2:
  version "2.1.2"
  resolved "https://registry.npmjs.org/ms/-/ms-2.1.2.tgz"

ms@2.1.3:
  version "2.1.3"
  resolved "https://registry.npmjs.org/ms/-/ms-2.1.3.tgz"

nanoid@3.1.20:
  version "3.1.20"
  resolved "https://registry.npmjs.org/nanoid/-/nanoid-3.1.20.tgz"

nice-try@^1.0.4:
  version "1.0.5"
  resolved "https://registry.npmjs.org/nice-try/-/nice-try-1.0.5.tgz"

node-addon-api@^2.0.0:
  version "2.0.2"
  resolved "https://registry.npmjs.org/node-addon-api/-/node-addon-api-2.0.2.tgz"

node-gyp-build@^4.2.0:
  version "4.2.3"
  resolved "https://registry.npmjs.org/node-gyp-build/-/node-gyp-build-4.2.3.tgz"

normalize-path@^3.0.0, normalize-path@~3.0.0:
  version "3.0.0"
  resolved "https://registry.npmjs.org/normalize-path/-/normalize-path-3.0.0.tgz"

npm-run-path@^2.0.0:
  version "2.0.2"
  resolved "https://registry.npmjs.org/npm-run-path/-/npm-run-path-2.0.2.tgz"
  dependencies:
    path-key "^2.0.0"

once@^1.3.0, once@^1.3.1, once@^1.4.0:
  version "1.4.0"
  resolved "https://registry.npmjs.org/once/-/once-1.4.0.tgz"
  dependencies:
    wrappy "1"

os-locale@^3.1.0:
  version "3.1.0"
  resolved "https://registry.npmjs.org/os-locale/-/os-locale-3.1.0.tgz"
  dependencies:
    execa "^1.0.0"
    lcid "^2.0.0"
    mem "^4.0.0"

p-defer@^1.0.0:
  version "1.0.0"
  resolved "https://registry.npmjs.org/p-defer/-/p-defer-1.0.0.tgz"

p-finally@^1.0.0:
  version "1.0.0"
  resolved "https://registry.npmjs.org/p-finally/-/p-finally-1.0.0.tgz"

p-is-promise@^2.0.0:
  version "2.1.0"
  resolved "https://registry.npmjs.org/p-is-promise/-/p-is-promise-2.1.0.tgz"

p-limit@^2.0.0:
  version "2.3.0"
  resolved "https://registry.npmjs.org/p-limit/-/p-limit-2.3.0.tgz"
  dependencies:
    p-try "^2.0.0"

p-limit@^3.0.2:
  version "3.1.0"
  resolved "https://registry.npmjs.org/p-limit/-/p-limit-3.1.0.tgz"
  dependencies:
    yocto-queue "^0.1.0"

p-locate@^3.0.0:
  version "3.0.0"
  resolved "https://registry.npmjs.org/p-locate/-/p-locate-3.0.0.tgz"
  dependencies:
    p-limit "^2.0.0"

p-locate@^5.0.0:
  version "5.0.0"
  resolved "https://registry.npmjs.org/p-locate/-/p-locate-5.0.0.tgz"
  dependencies:
    p-limit "^3.0.2"

p-try@^2.0.0:
  version "2.2.0"
  resolved "https://registry.npmjs.org/p-try/-/p-try-2.2.0.tgz"

path-exists@^3.0.0:
  version "3.0.0"
  resolved "https://registry.npmjs.org/path-exists/-/path-exists-3.0.0.tgz"

path-exists@^4.0.0:
  version "4.0.0"
  resolved "https://registry.npmjs.org/path-exists/-/path-exists-4.0.0.tgz"

path-is-absolute@^1.0.0:
  version "1.0.1"
  resolved "https://registry.npmjs.org/path-is-absolute/-/path-is-absolute-1.0.1.tgz"

path-key@^2.0.0, path-key@^2.0.1:
  version "2.0.1"
  resolved "https://registry.npmjs.org/path-key/-/path-key-2.0.1.tgz"

pathval@^1.1.1:
  version "1.1.1"
  resolved "https://registry.npmjs.org/pathval/-/pathval-1.1.1.tgz"

pbkdf2@^3.0.17:
  version "3.1.1"
  resolved "https://registry.npmjs.org/pbkdf2/-/pbkdf2-3.1.1.tgz"
  dependencies:
    create-hash "^1.1.2"
    create-hmac "^1.1.4"
    ripemd160 "^2.0.1"
    safe-buffer "^5.0.1"
    sha.js "^2.4.8"

picomatch@^2.0.4, picomatch@^2.2.1:
  version "2.2.2"
  resolved "https://registry.npmjs.org/picomatch/-/picomatch-2.2.2.tgz"

prettier@^2.1.1:
  version "2.2.1"
  resolved "https://registry.npmjs.org/prettier/-/prettier-2.2.1.tgz"

pump@^3.0.0:
  version "3.0.0"
  resolved "https://registry.npmjs.org/pump/-/pump-3.0.0.tgz"
  dependencies:
    end-of-stream "^1.1.0"
    once "^1.3.1"

randombytes@^2.1.0:
  version "2.1.0"
  resolved "https://registry.npmjs.org/randombytes/-/randombytes-2.1.0.tgz"
  dependencies:
    safe-buffer "^5.1.0"

readable-stream@^3.6.0:
  version "3.6.0"
  resolved "https://registry.npmjs.org/readable-stream/-/readable-stream-3.6.0.tgz"
  dependencies:
    inherits "^2.0.3"
    string_decoder "^1.1.1"
    util-deprecate "^1.0.1"

readdirp@~3.5.0:
  version "3.5.0"
  resolved "https://registry.npmjs.org/readdirp/-/readdirp-3.5.0.tgz"
  dependencies:
    picomatch "^2.2.1"

readdirp@~3.6.0:
  version "3.6.0"
  resolved "https://registry.npmjs.org/readdirp/-/readdirp-3.6.0.tgz"
  dependencies:
    picomatch "^2.2.1"

require-directory@^2.1.1:
  version "2.1.1"
  resolved "https://registry.npmjs.org/require-directory/-/require-directory-2.1.1.tgz"

require-main-filename@^2.0.0:
  version "2.0.0"
  resolved "https://registry.npmjs.org/require-main-filename/-/require-main-filename-2.0.0.tgz"

ripemd160@^2.0.0, ripemd160@^2.0.1:
  version "2.0.2"
  resolved "https://registry.npmjs.org/ripemd160/-/ripemd160-2.0.2.tgz"
  dependencies:
    hash-base "^3.0.0"
    inherits "^2.0.1"

rlp@^2.2.3:
  version "2.2.7"
  resolved "https://registry.npmjs.org/rlp/-/rlp-2.2.7.tgz"
  dependencies:
    bn.js "^5.2.0"

safe-buffer@^5.0.1, safe-buffer@^5.1.0, safe-buffer@^5.1.1, safe-buffer@^5.1.2, safe-buffer@^5.2.0, safe-buffer@~5.2.0:
  version "5.2.1"
  resolved "https://registry.npmjs.org/safe-buffer/-/safe-buffer-5.2.1.tgz"

scrypt-js@3.0.1, scrypt-js@^3.0.0:
  version "3.0.1"
  resolved "https://registry.npmjs.org/scrypt-js/-/scrypt-js-3.0.1.tgz"

secp256k1@^4.0.1:
  version "4.0.2"
  resolved "https://registry.npmjs.org/secp256k1/-/secp256k1-4.0.2.tgz"
  dependencies:
    elliptic "^6.5.2"
    node-addon-api "^2.0.0"
    node-gyp-build "^4.2.0"

semver@^5.5.0:
  version "5.7.1"
  resolved "https://registry.npmjs.org/semver/-/semver-5.7.1.tgz"

serialize-javascript@5.0.1:
  version "5.0.1"
  resolved "https://registry.npmjs.org/serialize-javascript/-/serialize-javascript-5.0.1.tgz"
  dependencies:
    randombytes "^2.1.0"

set-blocking@^2.0.0:
  version "2.0.0"
  resolved "https://registry.npmjs.org/set-blocking/-/set-blocking-2.0.0.tgz"

setimmediate@^1.0.5:
  version "1.0.5"
  resolved "https://registry.npmjs.org/setimmediate/-/setimmediate-1.0.5.tgz"

sha.js@^2.4.0, sha.js@^2.4.8:
  version "2.4.11"
  resolved "https://registry.npmjs.org/sha.js/-/sha.js-2.4.11.tgz"
  dependencies:
    inherits "^2.0.1"
    safe-buffer "^5.0.1"

shebang-command@^1.2.0:
  version "1.2.0"
  resolved "https://registry.npmjs.org/shebang-command/-/shebang-command-1.2.0.tgz"
  dependencies:
    shebang-regex "^1.0.0"

shebang-regex@^1.0.0:
  version "1.0.0"
  resolved "https://registry.npmjs.org/shebang-regex/-/shebang-regex-1.0.0.tgz"

signal-exit@^3.0.0:
  version "3.0.3"
  resolved "https://registry.npmjs.org/signal-exit/-/signal-exit-3.0.3.tgz"

source-map-support@0.5.12:
  version "0.5.12"
  resolved "https://registry.npmjs.org/source-map-support/-/source-map-support-0.5.12.tgz"
  dependencies:
    buffer-from "^1.0.0"
    source-map "^0.6.0"

source-map-support@^0.5.17:
  version "0.5.21"
  resolved "https://registry.npmjs.org/source-map-support/-/source-map-support-0.5.21.tgz"
  dependencies:
    buffer-from "^1.0.0"
    source-map "^0.6.0"

source-map@^0.6.0:
  version "0.6.1"
  resolved "https://registry.npmjs.org/source-map/-/source-map-0.6.1.tgz"

"string-width@^1.0.2 || 2":
  version "2.1.1"
  resolved "https://registry.npmjs.org/string-width/-/string-width-2.1.1.tgz"
  dependencies:
    is-fullwidth-code-point "^2.0.0"
    strip-ansi "^4.0.0"

string-width@^3.0.0, string-width@^3.1.0:
  version "3.1.0"
  resolved "https://registry.npmjs.org/string-width/-/string-width-3.1.0.tgz"
  dependencies:
    emoji-regex "^7.0.1"
    is-fullwidth-code-point "^2.0.0"
    strip-ansi "^5.1.0"

string-width@^4.1.0:
  version "4.2.2"
  resolved "https://registry.npmjs.org/string-width/-/string-width-4.2.2.tgz"
  dependencies:
    emoji-regex "^8.0.0"
    is-fullwidth-code-point "^3.0.0"
    strip-ansi "^6.0.0"

string-width@^4.2.0:
  version "4.2.3"
  resolved "https://registry.npmjs.org/string-width/-/string-width-4.2.3.tgz"
  dependencies:
    emoji-regex "^8.0.0"
    is-fullwidth-code-point "^3.0.0"
    strip-ansi "^6.0.1"

string_decoder@^1.1.1:
  version "1.3.0"
  resolved "https://registry.npmjs.org/string_decoder/-/string_decoder-1.3.0.tgz"
  dependencies:
    safe-buffer "~5.2.0"

strip-ansi@^4.0.0:
  version "4.0.0"
  resolved "https://registry.npmjs.org/strip-ansi/-/strip-ansi-4.0.0.tgz"
  dependencies:
    ansi-regex "^3.0.0"

strip-ansi@^5.0.0, strip-ansi@^5.1.0, strip-ansi@^5.2.0:
  version "5.2.0"
  resolved "https://registry.npmjs.org/strip-ansi/-/strip-ansi-5.2.0.tgz"
  dependencies:
    ansi-regex "^4.1.0"

strip-ansi@^6.0.0:
  version "6.0.0"
  resolved "https://registry.npmjs.org/strip-ansi/-/strip-ansi-6.0.0.tgz"
  dependencies:
    ansi-regex "^5.0.0"

strip-ansi@^6.0.1:
  version "6.0.1"
  resolved "https://registry.npmjs.org/strip-ansi/-/strip-ansi-6.0.1.tgz"
  dependencies:
    ansi-regex "^5.0.1"

strip-eof@^1.0.0:
  version "1.0.0"
  resolved "https://registry.npmjs.org/strip-eof/-/strip-eof-1.0.0.tgz"

strip-hex-prefix@1.0.0:
  version "1.0.0"
  resolved "https://registry.npmjs.org/strip-hex-prefix/-/strip-hex-prefix-1.0.0.tgz"
  dependencies:
    is-hex-prefixed "1.0.0"

strip-json-comments@3.1.1:
  version "3.1.1"
  resolved "https://registry.npmjs.org/strip-json-comments/-/strip-json-comments-3.1.1.tgz"

supports-color@8.1.1:
  version "8.1.1"
  resolved "https://registry.npmjs.org/supports-color/-/supports-color-8.1.1.tgz"
  dependencies:
    has-flag "^4.0.0"

supports-color@^7.1.0:
  version "7.2.0"
  resolved "https://registry.npmjs.org/supports-color/-/supports-color-7.2.0.tgz"
  dependencies:
    has-flag "^4.0.0"

tiny-invariant@^1.1.0:
  version "1.1.0"
  resolved "https://registry.npmjs.org/tiny-invariant/-/tiny-invariant-1.1.0.tgz"

tiny-warning@^1.0.3:
  version "1.0.3"
  resolved "https://registry.npmjs.org/tiny-warning/-/tiny-warning-1.0.3.tgz"

to-regex-range@^5.0.1:
  version "5.0.1"
  resolved "https://registry.npmjs.org/to-regex-range/-/to-regex-range-5.0.1.tgz"
  dependencies:
    is-number "^7.0.0"

toformat@^2.0.0:
  version "2.0.0"
  resolved "https://registry.npmjs.org/toformat/-/toformat-2.0.0.tgz"

ts-node@^9.0.0:
  version "9.1.1"
  resolved "https://registry.npmjs.org/ts-node/-/ts-node-9.1.1.tgz"
  dependencies:
    arg "^4.1.0"
    create-require "^1.1.0"
    diff "^4.0.1"
    make-error "^1.1.1"
    source-map-support "^0.5.17"
    yn "3.1.1"

type-detect@^4.0.0, type-detect@^4.0.5:
  version "4.0.8"
  resolved "https://registry.npmjs.org/type-detect/-/type-detect-4.0.8.tgz"

typescript@^4.0.2:
  version "4.2.3"
  resolved "https://registry.npmjs.org/typescript/-/typescript-4.2.3.tgz"

uniswap-v3-deploy-plugin@^0.1.0:
  version "0.1.0"
  resolved "https://registry.npmjs.org/uniswap-v3-deploy-plugin/-/uniswap-v3-deploy-plugin-0.1.0.tgz"
  dependencies:
    "@uniswap/v3-core" "1.0.0"
    "@uniswap/v3-periphery" "^1.0.1"
    cli-table3 "^0.6.0"

util-deprecate@^1.0.1:
  version "1.0.2"
  resolved "https://registry.npmjs.org/util-deprecate/-/util-deprecate-1.0.2.tgz"

which-module@^2.0.0:
  version "2.0.0"
  resolved "https://registry.npmjs.org/which-module/-/which-module-2.0.0.tgz"

which@2.0.2:
  version "2.0.2"
  resolved "https://registry.npmjs.org/which/-/which-2.0.2.tgz"
  dependencies:
    isexe "^2.0.0"

which@^1.2.9:
  version "1.3.1"
  resolved "https://registry.npmjs.org/which/-/which-1.3.1.tgz"
  dependencies:
    isexe "^2.0.0"

wide-align@1.1.3:
  version "1.1.3"
  resolved "https://registry.npmjs.org/wide-align/-/wide-align-1.1.3.tgz"
  dependencies:
    string-width "^1.0.2 || 2"

workerpool@6.1.0:
  version "6.1.0"
  resolved "https://registry.npmjs.org/workerpool/-/workerpool-6.1.0.tgz"

wrap-ansi@^5.1.0:
  version "5.1.0"
  resolved "https://registry.npmjs.org/wrap-ansi/-/wrap-ansi-5.1.0.tgz"
  dependencies:
    ansi-styles "^3.2.0"
    string-width "^3.0.0"
    strip-ansi "^5.0.0"

wrap-ansi@^7.0.0:
  version "7.0.0"
  resolved "https://registry.npmjs.org/wrap-ansi/-/wrap-ansi-7.0.0.tgz"
  dependencies:
    ansi-styles "^4.0.0"
    string-width "^4.1.0"
    strip-ansi "^6.0.0"

wrappy@1:
  version "1.0.2"
  resolved "https://registry.npmjs.org/wrappy/-/wrappy-1.0.2.tgz"

ws@7.4.6:
  version "7.4.6"
  resolved "https://registry.npmjs.org/ws/-/ws-7.4.6.tgz"

y18n@^4.0.0:
  version "4.0.3"
  resolved "https://registry.yarnpkg.com/y18n/-/y18n-4.0.3.tgz#b5f259c82cd6e336921efd7bfd8bf560de9eeedf"

y18n@^5.0.5:
  version "5.0.5"
  resolved "https://registry.npmjs.org/y18n/-/y18n-5.0.5.tgz"

yargs-parser@20.2.4, yargs-parser@^20.2.2:
  version "20.2.4"
  resolved "https://registry.npmjs.org/yargs-parser/-/yargs-parser-20.2.4.tgz"

yargs-parser@^13.1.0:
  version "13.1.2"
  resolved "https://registry.npmjs.org/yargs-parser/-/yargs-parser-13.1.2.tgz"
  dependencies:
    camelcase "^5.0.0"
    decamelize "^1.2.0"

yargs-unparser@2.0.0:
  version "2.0.0"
  resolved "https://registry.npmjs.org/yargs-unparser/-/yargs-unparser-2.0.0.tgz"
  dependencies:
    camelcase "^6.0.0"
    decamelize "^4.0.0"
    flat "^5.0.2"
    is-plain-obj "^2.1.0"

yargs@13.2.4:
  version "13.2.4"
  resolved "https://registry.npmjs.org/yargs/-/yargs-13.2.4.tgz"
  dependencies:
    cliui "^5.0.0"
    find-up "^3.0.0"
    get-caller-file "^2.0.1"
    os-locale "^3.1.0"
    require-directory "^2.1.1"
    require-main-filename "^2.0.0"
    set-blocking "^2.0.0"
    string-width "^3.0.0"
    which-module "^2.0.0"
    y18n "^4.0.0"
    yargs-parser "^13.1.0"

yargs@16.2.0:
  version "16.2.0"
  resolved "https://registry.npmjs.org/yargs/-/yargs-16.2.0.tgz"
  dependencies:
    cliui "^7.0.2"
    escalade "^3.1.1"
    get-caller-file "^2.0.5"
    require-directory "^2.1.1"
    string-width "^4.2.0"
    y18n "^5.0.5"
    yargs-parser "^20.2.2"

yn@3.1.1:
  version "3.1.1"
  resolved "https://registry.npmjs.org/yn/-/yn-3.1.1.tgz"

yocto-queue@^0.1.0:
  version "0.1.0"
  resolved "https://registry.npmjs.org/yocto-queue/-/yocto-queue-0.1.0.tgz"
